
Microsoft Visual Studio Solution File, Format Version 12.00
# Visual Studio Version 17
VisualStudioVersion = 17.8.34322.80
MinimumVisualStudioVersion = 10.0.40219.1
Project("{2150E333-8FDC-42A3-9474-1A3956D46DE8}") = "src", "src", "{3C06ACC3-0DE8-4FBE-B908-D23373245242}"
EndProject
Project("{2150E333-8FDC-42A3-9474-1A3956D46DE8}") = "test", "test", "{F92D44D8-F29B-4BBA-A2E1-2EF20F641CB5}"
EndProject
Project("{FAE04EC0-301F-11D3-BF4B-00C04F79EFBC}") = "POS.Domain", "POS.DOMAIN\POS.Domain.csproj", "{CE1C5168-6F61-4EF3-8353-8EA1600F739C}"
EndProject
Project("{FAE04EC0-301F-11D3-BF4B-00C04F79EFBC}") = "POS.Infrastructure", "POS.Infrastructure\POS.Infrastructure.csproj", "{F5007C36-30FE-4714-BEF0-7F52E17EC027}"
EndProject
Project("{FAE04EC0-301F-11D3-BF4B-00C04F79EFBC}") = "POS.Application", "POS.Application\POS.Application.csproj", "{E7B97B68-149B-457F-B524-39D7F76051EE}"
EndProject
Project("{FAE04EC0-301F-11D3-BF4B-00C04F79EFBC}") = "POS.Api", "POS.Api\POS.Api.csproj", "{D6A32DBC-2783-4907-A1F4-8DBF2F678891}"
EndProject
Project("{FAE04EC0-301F-11D3-BF4B-00C04F79EFBC}") = "POS.Utilities", "POS.Utilities\POS.Utilities.csproj", "{C3B41E52-592C-4D07-B7E9-C7C810A44921}"
EndProject
Project("{FAE04EC0-301F-11D3-BF4B-00C04F79EFBC}") = "POS.Tests", "POS.Tests\POS.Tests.csproj", "{C9D75CAD-B235-459A-9085-68A61D856B80}"
EndProject
Global
	GlobalSection(SolutionConfigurationPlatforms) = preSolution
		Debug|Any CPU = Debug|Any CPU
		Release|Any CPU = Release|Any CPU
	EndGlobalSection
	GlobalSection(ProjectConfigurationPlatforms) = postSolution
		{CE1C5168-6F61-4EF3-8353-8EA1600F739C}.Debug|Any CPU.ActiveCfg = Debug|Any CPU
		{CE1C5168-6F61-4EF3-8353-8EA1600F739C}.Debug|Any CPU.Build.0 = Debug|Any CPU
		{CE1C5168-6F61-4EF3-8353-8EA1600F739C}.Release|Any CPU.ActiveCfg = Release|Any CPU
		{CE1C5168-6F61-4EF3-8353-8EA1600F739C}.Release|Any CPU.Build.0 = Release|Any CPU
		{F5007C36-30FE-4714-BEF0-7F52E17EC027}.Debug|Any CPU.ActiveCfg = Debug|Any CPU
		{F5007C36-30FE-4714-BEF0-7F52E17EC027}.Debug|Any CPU.Build.0 = Debug|Any CPU
		{F5007C36-30FE-4714-BEF0-7F52E17EC027}.Release|Any CPU.ActiveCfg = Release|Any CPU
		{F5007C36-30FE-4714-BEF0-7F52E17EC027}.Release|Any CPU.Build.0 = Release|Any CPU
		{E7B97B68-149B-457F-B524-39D7F76051EE}.Debug|Any CPU.ActiveCfg = Debug|Any CPU
		{E7B97B68-149B-457F-B524-39D7F76051EE}.Debug|Any CPU.Build.0 = Debug|Any CPU
		{E7B97B68-149B-457F-B524-39D7F76051EE}.Release|Any CPU.ActiveCfg = Release|Any CPU
		{E7B97B68-149B-457F-B524-39D7F76051EE}.Release|Any CPU.Build.0 = Release|Any CPU
		{D6A32DBC-2783-4907-A1F4-8DBF2F678891}.Debug|Any CPU.ActiveCfg = Debug|Any CPU
		{D6A32DBC-2783-4907-A1F4-8DBF2F678891}.Debug|Any CPU.Build.0 = Debug|Any CPU
		{D6A32DBC-2783-4907-A1F4-8DBF2F678891}.Release|Any CPU.ActiveCfg = Release|Any CPU
		{D6A32DBC-2783-4907-A1F4-8DBF2F678891}.Release|Any CPU.Build.0 = Release|Any CPU
		{C3B41E52-592C-4D07-B7E9-C7C810A44921}.Debug|Any CPU.ActiveCfg = Debug|Any CPU
		{C3B41E52-592C-4D07-B7E9-C7C810A44921}.Debug|Any CPU.Build.0 = Debug|Any CPU
		{C3B41E52-592C-4D07-B7E9-C7C810A44921}.Release|Any CPU.ActiveCfg = Release|Any CPU
		{C3B41E52-592C-4D07-B7E9-C7C810A44921}.Release|Any CPU.Build.0 = Release|Any CPU
		{C9D75CAD-B235-459A-9085-68A61D856B80}.Debug|Any CPU.ActiveCfg = Debug|Any CPU
		{C9D75CAD-B235-459A-9085-68A61D856B80}.Debug|Any CPU.Build.0 = Debug|Any CPU
		{C9D75CAD-B235-459A-9085-68A61D856B80}.Release|Any CPU.ActiveCfg = Release|Any CPU
		{C9D75CAD-B235-459A-9085-68A61D856B80}.Release|Any CPU.Build.0 = Release|Any CPU
	EndGlobalSection
	GlobalSection(SolutionProperties) = preSolution
		HideSolutionNode = FALSE
	EndGlobalSection
	GlobalSection(NestedProjects) = preSolution
		{CE1C5168-6F61-4EF3-8353-8EA1600F739C} = {3C06ACC3-0DE8-4FBE-B908-D23373245242}
		{F5007C36-30FE-4714-BEF0-7F52E17EC027} = {3C06ACC3-0DE8-4FBE-B908-D23373245242}
		{E7B97B68-149B-457F-B524-39D7F76051EE} = {3C06ACC3-0DE8-4FBE-B908-D23373245242}
		{D6A32DBC-2783-4907-A1F4-8DBF2F678891} = {3C06ACC3-0DE8-4FBE-B908-D23373245242}
		{C3B41E52-592C-4D07-B7E9-C7C810A44921} = {3C06ACC3-0DE8-4FBE-B908-D23373245242}
		{C9D75CAD-B235-459A-9085-68A61D856B80} = {F92D44D8-F29B-4BBA-A2E1-2EF20F641CB5}
	EndGlobalSection
	GlobalSection(ExtensibilityGlobals) = postSolution
		SolutionGuid = {1CC439FB-6518-451A-BD21-6477299EE781}
	EndGlobalSection
EndGlobal
